
Microsoft Visual Studio Solution File, Format Version 12.00
# Visual Studio Version 17
VisualStudioVersion = 17.0.31903.59
MinimumVisualStudioVersion = 10.0.40219.1
Project("{FAE04EC0-301F-11D3-BF4B-00C04F79EFBC}") = "Infrastructure", "Infrastructure\Infrastructure.csproj", "{FA2F60F4-6101-497E-A5BE-1F619ED18484}"
EndProject
Project("{FAE04EC0-301F-11D3-BF4B-00C04F79EFBC}") = "MainApp", "MainApp\MainApp.csproj", "{2246E203-CC20-46C0-97DD-C4CD842C4449}"
EndProject
Project("{FAE04EC0-301F-11D3-BF4B-00C04F79EFBC}") = "Domain", "Domain\Domain.csproj", "{6B049C3C-A1FB-464F-AE9D-541E44ADD956}"
EndProject
Global
	GlobalSection(SolutionConfigurationPlatforms) = preSolution
		Debug|Any CPU = Debug|Any CPU
		Release|Any CPU = Release|Any CPU
	EndGlobalSection
	GlobalSection(SolutionProperties) = preSolution
		HideSolutionNode = FALSE
	EndGlobalSection
	GlobalSection(ProjectConfigurationPlatforms) = postSolution
		{FA2F60F4-6101-497E-A5BE-1F619ED18484}.Debug|Any CPU.ActiveCfg = Debug|Any CPU
		{FA2F60F4-6101-497E-A5BE-1F619ED18484}.Debug|Any CPU.Build.0 = Debug|Any CPU
		{FA2F60F4-6101-497E-A5BE-1F619ED18484}.Release|Any CPU.ActiveCfg = Release|Any CPU
		{FA2F60F4-6101-497E-A5BE-1F619ED18484}.Release|Any CPU.Build.0 = Release|Any CPU
		{2246E203-CC20-46C0-97DD-C4CD842C4449}.Debug|Any CPU.ActiveCfg = Debug|Any CPU
		{2246E203-CC20-46C0-97DD-C4CD842C4449}.Debug|Any CPU.Build.0 = Debug|Any CPU
		{2246E203-CC20-46C0-97DD-C4CD842C4449}.Release|Any CPU.ActiveCfg = Release|Any CPU
		{2246E203-CC20-46C0-97DD-C4CD842C4449}.Release|Any CPU.Build.0 = Release|Any CPU
		{6B049C3C-A1FB-464F-AE9D-541E44ADD956}.Debug|Any CPU.ActiveCfg = Debug|Any CPU
		{6B049C3C-A1FB-464F-AE9D-541E44ADD956}.Debug|Any CPU.Build.0 = Debug|Any CPU
		{6B049C3C-A1FB-464F-AE9D-541E44ADD956}.Release|Any CPU.ActiveCfg = Release|Any CPU
		{6B049C3C-A1FB-464F-AE9D-541E44ADD956}.Release|Any CPU.Build.0 = Release|Any CPU
	EndGlobalSection
EndGlobal
